<?xml version="1.0" encoding="utf-8"?>
<Project ToolsVersion="4.0" xmlns="http://schemas.microsoft.com/developer/msbuild/2003">
  <ItemGroup>
    <Filter Include="header">
      <UniqueIdentifier>{70108b11-7c12-4d20-951b-0ffdaf722a1c}</UniqueIdentifier>
    </Filter>
  </ItemGroup>
  <ItemGroup>
    <ClInclude Include="..\include\jdyun\dbg.h">
      <Filter>header</Filter>
    </ClInclude>
    <ClInclude Include="..\include\jdyun\ready_thread.h">
      <Filter>header</Filter>
    </ClInclude>
    <ClInclude Include="..\include\jdyun\ready_thread_collection.h">
      <Filter>header</Filter>
    </ClInclude>
    <ClInclude Include="..\include\jdyun\ready_thread_collection_abstract.h">
      <Filter>header</Filter>
    </ClInclude>
    <ClInclude Include="..\include\jdyun\ready_thread_statistics.h">
      <Filter>header</Filter>
    </ClInclude>
  </ItemGroup>
  <ItemGroup>
    <ClCompile Include="..\src\main.cpp" />
  </ItemGroup>
</Project>